
Microsoft Visual Studio Solution File, Format Version 12.00
Project("{FAE04EC0-301F-11D3-BF4B-00C04F79EFBC}") = "admin-panel-page-object", "admin-panel-page-object\admin-panel-page-object.csproj", "{FB0F3176-9F4B-4CD8-9D18-E0ED891898C2}"
EndProject
Global
	GlobalSection(SolutionConfigurationPlatforms) = preSolution
		Debug|Any CPU = Debug|Any CPU
		Release|Any CPU = Release|Any CPU
	EndGlobalSection
	GlobalSection(ProjectConfigurationPlatforms) = postSolution
		{FB0F3176-9F4B-4CD8-9D18-E0ED891898C2}.Debug|Any CPU.ActiveCfg = Debug|Any CPU
		{FB0F3176-9F4B-4CD8-9D18-E0ED891898C2}.Debug|Any CPU.Build.0 = Debug|Any CPU
		{FB0F3176-9F4B-4CD8-9D18-E0ED891898C2}.Release|Any CPU.ActiveCfg = Release|Any CPU
		{FB0F3176-9F4B-4CD8-9D18-E0ED891898C2}.Release|Any CPU.Build.0 = Release|Any CPU
	EndGlobalSection
EndGlobal
